
Microsoft Visual Studio Solution File, Format Version 12.00
# Visual Studio Version 16
VisualStudioVersion = 16.0.31624.102
MinimumVisualStudioVersion = 10.0.40219.1
Project("{FAE04EC0-301F-11D3-BF4B-00C04F79EFBC}") = "CurrencyExchange", "CurrencyExchange\CurrencyExchange.csproj", "{795A6D15-FBE1-4A3C-9D24-3004013C178D}"
EndProject
Global
	GlobalSection(SolutionConfigurationPlatforms) = preSolution
		Debug|Any CPU = Debug|Any CPU
		Release|Any CPU = Release|Any CPU
	EndGlobalSection
	GlobalSection(ProjectConfigurationPlatforms) = postSolution
		{795A6D15-FBE1-4A3C-9D24-3004013C178D}.Debug|Any CPU.ActiveCfg = Debug|Any CPU
		{795A6D15-FBE1-4A3C-9D24-3004013C178D}.Debug|Any CPU.Build.0 = Debug|Any CPU
		{795A6D15-FBE1-4A3C-9D24-3004013C178D}.Release|Any CPU.ActiveCfg = Release|Any CPU
		{795A6D15-FBE1-4A3C-9D24-3004013C178D}.Release|Any CPU.Build.0 = Release|Any CPU
	EndGlobalSection
	GlobalSection(SolutionProperties) = preSolution
		HideSolutionNode = FALSE
	EndGlobalSection
	GlobalSection(ExtensibilityGlobals) = postSolution
		SolutionGuid = {809BCAF8-A5E2-4D94-989B-20CC1C5C762F}
	EndGlobalSection
EndGlobal
